
Microsoft Visual Studio Solution File, Format Version 12.00
# Visual Studio 2013
VisualStudioVersion = 12.0.21005.1
MinimumVisualStudioVersion = 10.0.40219.1
Project("{FAE04EC0-301F-11D3-BF4B-00C04F79EFBC}") = "Merit.Traveller.CRM", "Merit.Traveller.CRM\Merit.Traveller.CRM.csproj", "{B41A218C-16DB-4660-A575-9876C6D22322}"
EndProject
Project("{FAE04EC0-301F-11D3-BF4B-00C04F79EFBC}") = "Merit.Traveller.BMS", "Merit.Traveller.BMS\Merit.Traveller.BMS.csproj", "{223E6A9A-E37A-4583-AB1D-03DC739ADB90}"
EndProject
Global
	GlobalSection(SolutionConfigurationPlatforms) = preSolution
		Debug|Any CPU = Debug|Any CPU
		Release|Any CPU = Release|Any CPU
	EndGlobalSection
	GlobalSection(ProjectConfigurationPlatforms) = postSolution
		{B41A218C-16DB-4660-A575-9876C6D22322}.Debug|Any CPU.ActiveCfg = Debug|Any CPU
		{B41A218C-16DB-4660-A575-9876C6D22322}.Debug|Any CPU.Build.0 = Debug|Any CPU
		{B41A218C-16DB-4660-A575-9876C6D22322}.Release|Any CPU.ActiveCfg = Release|Any CPU
		{B41A218C-16DB-4660-A575-9876C6D22322}.Release|Any CPU.Build.0 = Release|Any CPU
		{223E6A9A-E37A-4583-AB1D-03DC739ADB90}.Debug|Any CPU.ActiveCfg = Debug|Any CPU
		{223E6A9A-E37A-4583-AB1D-03DC739ADB90}.Debug|Any CPU.Build.0 = Debug|Any CPU
		{223E6A9A-E37A-4583-AB1D-03DC739ADB90}.Release|Any CPU.ActiveCfg = Release|Any CPU
		{223E6A9A-E37A-4583-AB1D-03DC739ADB90}.Release|Any CPU.Build.0 = Release|Any CPU
	EndGlobalSection
	GlobalSection(SolutionProperties) = preSolution
		HideSolutionNode = FALSE
	EndGlobalSection
EndGlobal
